Microsoft Visual Studio Solution File, Format Version 12.00
# Visual Studio Version 17
VisualStudioVersion = 17.5.2.0
MinimumVisualStudioVersion = 10.0.40219.1
Project("{FAE04EC0-301F-11D3-BF4B-00C04F79EFBC}") = "SupportBankC#", "SupportBankC#.csproj", "{6E628B19-9C27-A776-4EB8-9028BDCA57A4}"
EndProject
Global
	GlobalSection(SolutionConfigurationPlatforms) = preSolution
		Debug|Any CPU = Debug|Any CPU
		Release|Any CPU = Release|Any CPU
	EndGlobalSection
	GlobalSection(ProjectConfigurationPlatforms) = postSolution
		{6E628B19-9C27-A776-4EB8-9028BDCA57A4}.Debug|Any CPU.ActiveCfg = Debug|Any CPU
		{6E628B19-9C27-A776-4EB8-9028BDCA57A4}.Debug|Any CPU.Build.0 = Debug|Any CPU
		{6E628B19-9C27-A776-4EB8-9028BDCA57A4}.Release|Any CPU.ActiveCfg = Release|Any CPU
		{6E628B19-9C27-A776-4EB8-9028BDCA57A4}.Release|Any CPU.Build.0 = Release|Any CPU
	EndGlobalSection
	GlobalSection(SolutionProperties) = preSolution
		HideSolutionNode = FALSE
	EndGlobalSection
	GlobalSection(ExtensibilityGlobals) = postSolution
		SolutionGuid = {041FF07B-A7DB-4B31-947E-B202FFE77B50}
	EndGlobalSection
EndGlobal
